{
  "name": "mochi-pf",
  "lockfileVersion": 3,
  "requires": true,
  "packages": {
    "": {
      "dependencies": {
        "jquery": "^3.7.0",
        "modaal": "^0.4.4",
        "slick": "^1.12.2"
      },
      "devDependencies": {
        "destyle.css": "^4.0.0"
      }
    },
    "node_modules/destyle.css": {
      "version": "4.0.0",
      "resolved": "https://registry.npmjs.org/destyle.css/-/destyle.css-4.0.0.tgz",
      "integrity": "sha512-yE2SpDRZdqfEZRkYSIxSWSuh4Higsm01VinAWC3hny9DDV+NjBARpCEqf6TLDTWka1I7pu4bDJ68aF1WjLPKUw==",
      "dev": true
    },
    "node_modules/jquery": {
      "version": "3.7.0",
      "resolved": "https://registry.npmjs.org/jquery/-/jquery-3.7.0.tgz",
      "integrity": "sha512-umpJ0/k8X0MvD1ds0P9SfowREz2LenHsQaxSohMZ5OMNEU2r0tf8pdeEFTHMFxWVxKNyU9rTtK3CWzUCTKJUeQ=="
    },
    "node_modules/modaal": {
      "version": "0.4.4",
      "resolved": "https://registry.npmjs.org/modaal/-/modaal-0.4.4.tgz",
      "integrity": "sha512-3/0FhHt7TAmWXNiphxCFHct3RGklkR2xjo+w9zS+9WmUevwRBI3aNL1tBo77KRh0+Ys0i4UD1r32LNlUiMb/Cw=="
    },
    "node_modules/slick": {
      "version": "1.12.2",
      "resolved": "https://registry.npmjs.org/slick/-/slick-1.12.2.tgz",
      "integrity": "sha512-4qdtOGcBjral6YIBCWJ0ljFSKNLz9KkhbWtuGvUyRowl1kxfuE1x/Z/aJcaiilpb3do9bl5K7/1h9XC5wWpY/A==",
      "engines": {
        "node": "*"
      }
    }
  }
}
